
Microsoft Visual Studio Solution File, Format Version 12.00
# Visual Studio Version 16
VisualStudioVersion = 16.0.32002.261
MinimumVisualStudioVersion = 10.0.40219.1
Project("{FAE04EC0-301F-11D3-BF4B-00C04F79EFBC}") = "IM Basic App GitHub", "IM Basic App GitHub\IM Basic App GitHub.csproj", "{54D7C772-6FA5-4A59-B6D8-91716EDE6469}"
EndProject
Project("{FAE04EC0-301F-11D3-BF4B-00C04F79EFBC}") = "BasicAppTest", "BasicAppTest\BasicAppTest.csproj", "{E9BEFD14-A01F-4281-92E8-D425A8DAF58A}"
EndProject
Global
	GlobalSection(SolutionConfigurationPlatforms) = preSolution
		Debug|Any CPU = Debug|Any CPU
		Release|Any CPU = Release|Any CPU
	EndGlobalSection
	GlobalSection(ProjectConfigurationPlatforms) = postSolution
		{54D7C772-6FA5-4A59-B6D8-91716EDE6469}.Debug|Any CPU.ActiveCfg = Debug|Any CPU
		{54D7C772-6FA5-4A59-B6D8-91716EDE6469}.Debug|Any CPU.Build.0 = Debug|Any CPU
		{54D7C772-6FA5-4A59-B6D8-91716EDE6469}.Release|Any CPU.ActiveCfg = Release|Any CPU
		{54D7C772-6FA5-4A59-B6D8-91716EDE6469}.Release|Any CPU.Build.0 = Release|Any CPU
		{E9BEFD14-A01F-4281-92E8-D425A8DAF58A}.Debug|Any CPU.ActiveCfg = Debug|Any CPU
		{E9BEFD14-A01F-4281-92E8-D425A8DAF58A}.Debug|Any CPU.Build.0 = Debug|Any CPU
		{E9BEFD14-A01F-4281-92E8-D425A8DAF58A}.Release|Any CPU.ActiveCfg = Release|Any CPU
		{E9BEFD14-A01F-4281-92E8-D425A8DAF58A}.Release|Any CPU.Build.0 = Release|Any CPU
	EndGlobalSection
	GlobalSection(SolutionProperties) = preSolution
		HideSolutionNode = FALSE
	EndGlobalSection
	GlobalSection(ExtensibilityGlobals) = postSolution
		SolutionGuid = {3A735AF3-D3CD-4829-9994-7E244FA756C5}
	EndGlobalSection
EndGlobal
